schema: '2.0'
stages:
  prepare:
    cmd: uv run scripts/preprocess.py
    deps:
    - path: data/iris.csv
      hash: md5
      md5: 4d301abed5efe50eccda350cde38e0eb
      size: 2777
    - path: scripts/preprocess.py
      hash: md5
      md5: 61b6d661d03a886e1b121400e12de362
      size: 883
    outs:
    - path: data/iris_preprocessed.csv
      hash: md5
      md5: 5a95aae087b991a3197c8cade7479177
      size: 12137
  train:
    cmd: uv run src/train.py
    deps:
    - path: data/iris_preprocessed.csv
      hash: md5
      md5: 5a95aae087b991a3197c8cade7479177
      size: 12137
    - path: params.yaml
      hash: md5
      md5: 1def7b29a17a63108fd18e080f26cee1
      size: 384
    - path: src/train.py
      hash: md5
      md5: da7c341ec70461e3a1357d4c61d810bf
      size: 2742
    outs:
    - path: metrics/feature_importances.json
      hash: md5
      md5: 39f8c84f232b26dfc59e761aafc662d6
      size: 184
    - path: metrics/train_metrics.json
      hash: md5
      md5: 12e33c286809a85b4553b31d56ebf89f
      size: 134
    - path: models/random_forest.pkl
      hash: md5
      md5: 5b27e53130972094a30257fce10d62f9
      size: 325905
  evaluate:
    cmd: uv run src/evaluate.py
    deps:
    - path: data/iris_preprocessed.csv
      hash: md5
      md5: 5a95aae087b991a3197c8cade7479177
      size: 12137
    - path: models/random_forest.pkl
      hash: md5
      md5: 5b27e53130972094a30257fce10d62f9
      size: 325905
    - path: src/evaluate.py
      hash: md5
      md5: fdff45da3ceb8d0e5e69d37987117edf
      size: 1679
    outs:
    - path: metrics/class_metrics.json
      hash: md5
      md5: 74b75471ebee0c2501bfcd76a2057612
      size: 735
    - path: metrics/eval_metrics.json
      hash: md5
      md5: 1c3effbf00d7ea9ba766fe952a75dccb
      size: 470
